
Microsoft Visual Studio Solution File, Format Version 12.00
# Visual Studio 2012
Project("{FAE04EC0-301F-11D3-BF4B-00C04F79EFBC}") = "Chart Test", "Chart Test\Chart Test.csproj", "{DBF6A316-CF4F-4C98-84B5-32780E5A71F8}"
EndProject
Global
	GlobalSection(SolutionConfigurationPlatforms) = preSolution
		Debug|Any CPU = Debug|Any CPU
		Release|Any CPU = Release|Any CPU
	EndGlobalSection
	GlobalSection(ProjectConfigurationPlatforms) = postSolution
		{DBF6A316-CF4F-4C98-84B5-32780E5A71F8}.Debug|Any CPU.ActiveCfg = Debug|Any CPU
		{DBF6A316-CF4F-4C98-84B5-32780E5A71F8}.Debug|Any CPU.Build.0 = Debug|Any CPU
		{DBF6A316-CF4F-4C98-84B5-32780E5A71F8}.Release|Any CPU.ActiveCfg = Release|Any CPU
		{DBF6A316-CF4F-4C98-84B5-32780E5A71F8}.Release|Any CPU.Build.0 = Release|Any CPU
	EndGlobalSection
	GlobalSection(SolutionProperties) = preSolution
		HideSolutionNode = FALSE
	EndGlobalSection
EndGlobal
