
Microsoft Visual Studio Solution File, Format Version 12.00
# Visual Studio 2012
Project("{FAE04EC0-301F-11D3-BF4B-00C04F79EFBC}") = "BrowserSpeak", "BrowserSpeak\BrowserSpeak.csproj", "{216931D8-4BD6-4ECC-B6CE-0EA29CE4DD39}"
EndProject
Project("{E24C65DC-7377-472B-9ABA-BC803B73C61A}") = "WebSite", "WebSite\", "{82624B60-064C-496F-8471-51CA211B6E9E}"
	ProjectSection(WebsiteProperties) = preProject
		TargetFrameworkMoniker = ".NETFramework,Version%3Dv3.5"
		Debug.AspNetCompiler.VirtualPath = "/WebSite"
		Debug.AspNetCompiler.PhysicalPath = "WebSite\"
		Debug.AspNetCompiler.TargetPath = "PrecompiledWeb\WebSite\"
		Debug.AspNetCompiler.Updateable = "true"
		Debug.AspNetCompiler.ForceOverwrite = "true"
		Debug.AspNetCompiler.FixedNames = "false"
		Debug.AspNetCompiler.Debug = "True"
		Release.AspNetCompiler.VirtualPath = "/WebSite"
		Release.AspNetCompiler.PhysicalPath = "WebSite\"
		Release.AspNetCompiler.TargetPath = "PrecompiledWeb\WebSite\"
		Release.AspNetCompiler.Updateable = "true"
		Release.AspNetCompiler.ForceOverwrite = "true"
		Release.AspNetCompiler.FixedNames = "false"
		Release.AspNetCompiler.Debug = "False"
		VWDPort = "1041"
		DefaultWebSiteLanguage = "Visual C#"
		StartServerOnDebug = "false"
	EndProjectSection
EndProject
Global
	GlobalSection(SolutionConfigurationPlatforms) = preSolution
		Debug|.NET = Debug|.NET
		Debug|Any CPU = Debug|Any CPU
		Debug|Mixed Platforms = Debug|Mixed Platforms
		Release|.NET = Release|.NET
		Release|Any CPU = Release|Any CPU
		Release|Mixed Platforms = Release|Mixed Platforms
	EndGlobalSection
	GlobalSection(ProjectConfigurationPlatforms) = postSolution
		{216931D8-4BD6-4ECC-B6CE-0EA29CE4DD39}.Debug|.NET.ActiveCfg = Debug|Any CPU
		{216931D8-4BD6-4ECC-B6CE-0EA29CE4DD39}.Debug|Any CPU.ActiveCfg = Debug|Any CPU
		{216931D8-4BD6-4ECC-B6CE-0EA29CE4DD39}.Debug|Any CPU.Build.0 = Debug|Any CPU
		{216931D8-4BD6-4ECC-B6CE-0EA29CE4DD39}.Debug|Mixed Platforms.ActiveCfg = Debug|Any CPU
		{216931D8-4BD6-4ECC-B6CE-0EA29CE4DD39}.Debug|Mixed Platforms.Build.0 = Debug|Any CPU
		{216931D8-4BD6-4ECC-B6CE-0EA29CE4DD39}.Release|.NET.ActiveCfg = Release|Any CPU
		{216931D8-4BD6-4ECC-B6CE-0EA29CE4DD39}.Release|Any CPU.ActiveCfg = Release|Any CPU
		{216931D8-4BD6-4ECC-B6CE-0EA29CE4DD39}.Release|Any CPU.Build.0 = Release|Any CPU
		{216931D8-4BD6-4ECC-B6CE-0EA29CE4DD39}.Release|Mixed Platforms.ActiveCfg = Release|Any CPU
		{216931D8-4BD6-4ECC-B6CE-0EA29CE4DD39}.Release|Mixed Platforms.Build.0 = Release|Any CPU
		{82624B60-064C-496F-8471-51CA211B6E9E}.Debug|.NET.ActiveCfg = Debug|Any CPU
		{82624B60-064C-496F-8471-51CA211B6E9E}.Debug|Any CPU.ActiveCfg = Debug|Any CPU
		{82624B60-064C-496F-8471-51CA211B6E9E}.Debug|Any CPU.Build.0 = Debug|Any CPU
		{82624B60-064C-496F-8471-51CA211B6E9E}.Debug|Mixed Platforms.ActiveCfg = Debug|Any CPU
		{82624B60-064C-496F-8471-51CA211B6E9E}.Debug|Mixed Platforms.Build.0 = Debug|Any CPU
		{82624B60-064C-496F-8471-51CA211B6E9E}.Release|.NET.ActiveCfg = Debug|Any CPU
		{82624B60-064C-496F-8471-51CA211B6E9E}.Release|Any CPU.ActiveCfg = Debug|Any CPU
		{82624B60-064C-496F-8471-51CA211B6E9E}.Release|Any CPU.Build.0 = Debug|Any CPU
		{82624B60-064C-496F-8471-51CA211B6E9E}.Release|Mixed Platforms.ActiveCfg = Debug|Any CPU
		{82624B60-064C-496F-8471-51CA211B6E9E}.Release|Mixed Platforms.Build.0 = Debug|Any CPU
	EndGlobalSection
	GlobalSection(SolutionProperties) = preSolution
		HideSolutionNode = FALSE
	EndGlobalSection
EndGlobal
